
Microsoft Visual Studio Solution File, Format Version 12.00
# Visual Studio Version 16
VisualStudioVersion = 16.0.29613.14
MinimumVisualStudioVersion = 10.0.40219.1
Project("{FAE04EC0-301F-11D3-BF4B-00C04F79EFBC}") = "ISRPO_Palashicheva_PR7", "ISRPO_Palashicheva_PR7.csproj", "{50EC780C-81F8-4009-B0BE-A39434C7D67A}"
EndProject
Global
	GlobalSection(SolutionConfigurationPlatforms) = preSolution
		Debug|Any CPU = Debug|Any CPU
		Release|Any CPU = Release|Any CPU
	EndGlobalSection
	GlobalSection(ProjectConfigurationPlatforms) = postSolution
		{50EC780C-81F8-4009-B0BE-A39434C7D67A}.Debug|Any CPU.ActiveCfg = Debug|Any CPU
		{50EC780C-81F8-4009-B0BE-A39434C7D67A}.Debug|Any CPU.Build.0 = Debug|Any CPU
		{50EC780C-81F8-4009-B0BE-A39434C7D67A}.Release|Any CPU.ActiveCfg = Release|Any CPU
		{50EC780C-81F8-4009-B0BE-A39434C7D67A}.Release|Any CPU.Build.0 = Release|Any CPU
	EndGlobalSection
	GlobalSection(SolutionProperties) = preSolution
		HideSolutionNode = FALSE
	EndGlobalSection
	GlobalSection(ExtensibilityGlobals) = postSolution
		SolutionGuid = {04BE5B97-DDE2-4823-86DA-27F9FE1BBFBE}
	EndGlobalSection
EndGlobal
